
Microsoft Visual Studio Solution File, Format Version 12.00
# Visual Studio Version 16
VisualStudioVersion = 16.0.31005.135
MinimumVisualStudioVersion = 10.0.40219.1
Project("{FAE04EC0-301F-11D3-BF4B-00C04F79EFBC}") = "BeerCourseWork", "BeerCourseWork.csproj", "{4824E21C-26BC-4587-8EA9-7549D61E4F7E}"
EndProject
Global
	GlobalSection(SolutionConfigurationPlatforms) = preSolution
		Debug|Any CPU = Debug|Any CPU
		Release|Any CPU = Release|Any CPU
	EndGlobalSection
	GlobalSection(ProjectConfigurationPlatforms) = postSolution
		{4824E21C-26BC-4587-8EA9-7549D61E4F7E}.Debug|Any CPU.ActiveCfg = Debug|Any CPU
		{4824E21C-26BC-4587-8EA9-7549D61E4F7E}.Debug|Any CPU.Build.0 = Debug|Any CPU
		{4824E21C-26BC-4587-8EA9-7549D61E4F7E}.Release|Any CPU.ActiveCfg = Release|Any CPU
		{4824E21C-26BC-4587-8EA9-7549D61E4F7E}.Release|Any CPU.Build.0 = Release|Any CPU
	EndGlobalSection
	GlobalSection(SolutionProperties) = preSolution
		HideSolutionNode = FALSE
	EndGlobalSection
	GlobalSection(ExtensibilityGlobals) = postSolution
		SolutionGuid = {04B08C29-B740-479B-92B3-A9DCC35CD14A}
	EndGlobalSection
EndGlobal
